{
  "nodes": {
    "llvm-downgrade": {
      "flake": false,
      "locked": {
        "lastModified": 1788953358,
        "narHash": "sha256-5bZSIKUGft6LPqHjEVUMe5CIsbfkVK25fZ2Un77VSc0=",
        "owner": "JuliaLLVM",
        "repo": "llvm-downgrade",
        "rev": "09c2e50d4526b08f55010f6c091ace35332a78a8",
        "type": "github"
      },
      "original": {
        "owner": "JuliaLLVM",
        "repo": "llvm-downgrade",
        "rev": "09c2e50d4526b08f55010f6c091ace35332a78a8",
        "type": "github"
      }
    },
    "llvm-metal": {
      "inputs": {
        "llvm-downgrade": "llvm-downgrade",
        "nixpkgs": "nixpkgs",
        "rust-overlay": "rust-overlay"
      },
      "locked": {
        "lastModified": 1789942439,
        "narHash": "sha256-QaqJ3O+2aeEDqN+GvPppjnhwqjtH7k5RDLFnZAli2Ro=",
        "owner": "brandonros",
        "repo": "llvm-metal",
        "rev": "8b056da7dbbc9c765aaa6f7ba67540c9e20dbca1",
        "type": "github"
      },
      "original": {
        "owner": "brandonros",
        "repo": "llvm-metal",
        "rev": "8b056da7dbbc9c765aaa6f7ba67540c9e20dbca1",
        "type": "github"
      }
    },
    "nixpkgs": {
      "locked": {
        "lastModified": 1789264731,
        "narHash": "sha256-llGJbC0CcU8DfROr6mZjRJgMLQd/SKwfpzxJH/2lHO4=",
        "owner": "NixOS",
        "repo": "nixpkgs",
        "rev": "02f5696b0e6097e589076d886b317b83ff0437d7",
        "type": "github"
      },
      "original": {
        "owner": "NixOS",
        "ref": "nixpkgs-unstable",
        "repo": "nixpkgs",
        "type": "github"
      }
    },
    "nixpkgs_2": {
      "locked": {
        "lastModified": 1789724158,
        "narHash": "sha256-nlKgrm0dsVhOSopKheVBCcOpiIticufPPVLdVOI0euA=",
        "owner": "NixOS",
        "repo": "nixpkgs",
        "rev": "0a3468a402c449992505b6a9fc5b06580141b750",
        "type": "github"
      },
      "original": {
        "owner": "NixOS",
        "ref": "nixpkgs-unstable",
        "repo": "nixpkgs",
        "type": "github"
      }
    },
    "root": {
      "inputs": {
        "llvm-metal": "llvm-metal",
        "nixpkgs": "nixpkgs_2",
        "rust-overlay": "rust-overlay_2"
      }
    },
    "rust-overlay": {
      "inputs": {
        "nixpkgs": [
          "llvm-metal",
          "nixpkgs"
        ]
      },
      "locked": {
        "lastModified": 1789889921,
        "narHash": "sha256-aL/ogiN7qZCGeNovS1f9hX73jwYIKb4Pcq6AZm57WtY=",
        "owner": "oxalica",
        "repo": "rust-overlay",
        "rev": "1fb104a12a8667045559b2575d6d448ae2fbd99b",
        "type": "github"
      },
      "original": {
        "owner": "oxalica",
        "repo": "rust-overlay",
        "rev": "1fb104a12a8667045559b2575d6d448ae2fbd99b",
        "type": "github"
      }
    },
    "rust-overlay_2": {
      "inputs": {
        "nixpkgs": [
          "nixpkgs"
        ]
      },
      "locked": {
        "lastModified": 1789889921,
        "narHash": "sha256-aL/ogiN7qZCGeNovS1f9hX73jwYIKb4Pcq6AZm57WtY=",
        "owner": "oxalica",
        "repo": "rust-overlay",
        "rev": "1fb104a12a8667045559b2575d6d448ae2fbd99b",
        "type": "github"
      },
      "original": {
        "owner": "oxalica",
        "repo": "rust-overlay",
        "rev": "1fb104a12a8667045559b2575d6d448ae2fbd99b",
        "type": "github"
      }
    }
  },
  "root": "root",
  "version": 7
}
