{
  "nodes": {
    "llvm-downgrade": {
      "flake": false,
      "locked": {
        "lastModified": 1780992850,
        "narHash": "sha256-1dSnxXWdqyE2XDBtBP1XJmDFPVFffNBhRuCYNJK9rYk=",
        "owner": "JuliaLLVM",
        "repo": "llvm-downgrade",
        "rev": "49459235028889ea741f2aee3e7f346d53f68f5d",
        "type": "github"
      },
      "original": {
        "owner": "JuliaLLVM",
        "repo": "llvm-downgrade",
        "rev": "49459235028889ea741f2aee3e7f346d53f68f5d",
        "type": "github"
      }
    },
    "llvm-metal": {
      "inputs": {
        "llvm-downgrade": "llvm-downgrade",
        "nixpkgs": "nixpkgs",
        "rust-overlay": "rust-overlay"
      },
      "locked": {
        "lastModified": 1789771970,
        "narHash": "sha256-HvyJc2+sU02wfhtR1S5K45N5MVbE8l49fa567rnjwrQ=",
        "owner": "brandonros",
        "repo": "llvm-metal",
        "rev": "0021902a38985cb32800d252e85eaf01ae1c593c",
        "type": "github"
      },
      "original": {
        "owner": "brandonros",
        "repo": "llvm-metal",
        "rev": "0021902a38985cb32800d252e85eaf01ae1c593c",
        "type": "github"
      }
    },
    "nixpkgs": {
      "locked": {
        "lastModified": 1789264731,
        "narHash": "sha256-llGJbC0CcU8DfROr6mZjRJgMLQd/SKwfpzxJH/2lHO4=",
        "owner": "NixOS",
        "repo": "nixpkgs",
        "rev": "02f5696b0e6097e589076d886b317b83ff0437d7",
        "type": "github"
      },
      "original": {
        "owner": "NixOS",
        "ref": "nixpkgs-unstable",
        "repo": "nixpkgs",
        "type": "github"
      }
    },
    "root": {
      "inputs": {
        "llvm-metal": "llvm-metal"
      }
    },
    "rust-overlay": {
      "inputs": {
        "nixpkgs": [
          "llvm-metal",
          "nixpkgs"
        ]
      },
      "locked": {
        "lastModified": 1776136407,
        "narHash": "sha256-Cp8XrVLGruSDBTRs8L4LmvaEcd76tHHU9esLk7Ysa4E=",
        "owner": "oxalica",
        "repo": "rust-overlay",
        "rev": "753568957a87312ed599cba5699e67126eded6c0",
        "type": "github"
      },
      "original": {
        "owner": "oxalica",
        "repo": "rust-overlay",
        "rev": "753568957a87312ed599cba5699e67126eded6c0",
        "type": "github"
      }
    }
  },
  "root": "root",
  "version": 7
}
