{
  "nodes": {
    "cumetal": {
      "flake": false,
      "locked": {
        "lastModified": 1789668374,
        "narHash": "sha256-zxLQDVAET+3NSmhdyQw0320JqrKl87F/ncy1gvSBEEc=",
        "ref": "upstream/ptx-zero-guard-fixed-point",
        "rev": "70294edc23f1bc06bd211bd055cb7bd275148a3d",
        "revCount": 616,
        "submodules": true,
        "type": "git",
        "url": "https://github.com/brandonros/cuda-metal"
      },
      "original": {
        "ref": "upstream/ptx-zero-guard-fixed-point",
        "submodules": true,
        "type": "git",
        "url": "https://github.com/brandonros/cuda-metal"
      }
    },
    "llvm-downgrade": {
      "flake": false,
      "locked": {
        "lastModified": 1780992850,
        "narHash": "sha256-1dSnxXWdqyE2XDBtBP1XJmDFPVFffNBhRuCYNJK9rYk=",
        "owner": "JuliaLLVM",
        "repo": "llvm-downgrade",
        "rev": "49459235028889ea741f2aee3e7f346d53f68f5d",
        "type": "github"
      },
      "original": {
        "owner": "JuliaLLVM",
        "repo": "llvm-downgrade",
        "rev": "49459235028889ea741f2aee3e7f346d53f68f5d",
        "type": "github"
      }
    },
    "llvm-metal": {
      "inputs": {
        "llvm-downgrade": "llvm-downgrade",
        "nixpkgs": "nixpkgs",
        "rust-overlay": "rust-overlay"
      },
      "locked": {
        "lastModified": 1789705121,
        "narHash": "sha256-kqHNK07QxXH5K+D3rC8JJ04WBlQ9zoy+KX6SO7ZBF2E=",
        "owner": "brandonros",
        "repo": "llvm-metal",
        "rev": "5c17dfff9c1b2569b5928b2fabca3f0bb9380ae5",
        "type": "github"
      },
      "original": {
        "owner": "brandonros",
        "repo": "llvm-metal",
        "rev": "5c17dfff9c1b2569b5928b2fabca3f0bb9380ae5",
        "type": "github"
      }
    },
    "nixpkgs": {
      "locked": {
        "lastModified": 1789264731,
        "narHash": "sha256-llGJbC0CcU8DfROr6mZjRJgMLQd/SKwfpzxJH/2lHO4=",
        "owner": "NixOS",
        "repo": "nixpkgs",
        "rev": "02f5696b0e6097e589076d886b317b83ff0437d7",
        "type": "github"
      },
      "original": {
        "owner": "NixOS",
        "ref": "nixpkgs-unstable",
        "repo": "nixpkgs",
        "type": "github"
      }
    },
    "nixpkgs-llvm7": {
      "locked": {
        "lastModified": 1704290814,
        "narHash": "sha256-LWvKHp7kGxk/GEtlrGYV68qIvPHkU9iToomNFGagixU=",
        "owner": "NixOS",
        "repo": "nixpkgs",
        "rev": "70bdadeb94ffc8806c0570eb5c2695ad29f0e421",
        "type": "github"
      },
      "original": {
        "owner": "NixOS",
        "ref": "nixos-23.05",
        "repo": "nixpkgs",
        "type": "github"
      }
    },
    "nixpkgs_2": {
      "locked": {
        "lastModified": 1789264731,
        "narHash": "sha256-llGJbC0CcU8DfROr6mZjRJgMLQd/SKwfpzxJH/2lHO4=",
        "owner": "NixOS",
        "repo": "nixpkgs",
        "rev": "02f5696b0e6097e589076d886b317b83ff0437d7",
        "type": "github"
      },
      "original": {
        "owner": "NixOS",
        "ref": "nixpkgs-unstable",
        "repo": "nixpkgs",
        "type": "github"
      }
    },
    "root": {
      "inputs": {
        "cumetal": "cumetal",
        "llvm-metal": "llvm-metal",
        "nixpkgs": "nixpkgs_2",
        "nixpkgs-llvm7": "nixpkgs-llvm7",
        "rust-overlay": "rust-overlay_2"
      }
    },
    "rust-overlay": {
      "inputs": {
        "nixpkgs": [
          "llvm-metal",
          "nixpkgs"
        ]
      },
      "locked": {
        "lastModified": 1776136407,
        "narHash": "sha256-Cp8XrVLGruSDBTRs8L4LmvaEcd76tHHU9esLk7Ysa4E=",
        "owner": "oxalica",
        "repo": "rust-overlay",
        "rev": "753568957a87312ed599cba5699e67126eded6c0",
        "type": "github"
      },
      "original": {
        "owner": "oxalica",
        "repo": "rust-overlay",
        "rev": "753568957a87312ed599cba5699e67126eded6c0",
        "type": "github"
      }
    },
    "rust-overlay_2": {
      "inputs": {
        "nixpkgs": [
          "nixpkgs"
        ]
      },
      "locked": {
        "lastModified": 1776136407,
        "narHash": "sha256-Cp8XrVLGruSDBTRs8L4LmvaEcd76tHHU9esLk7Ysa4E=",
        "owner": "oxalica",
        "repo": "rust-overlay",
        "rev": "753568957a87312ed599cba5699e67126eded6c0",
        "type": "github"
      },
      "original": {
        "owner": "oxalica",
        "repo": "rust-overlay",
        "type": "github"
      }
    }
  },
  "root": "root",
  "version": 7
}
